
Microsoft Visual Studio Solution File, Format Version 12.00
# Visual Studio Version 17
VisualStudioVersion = 17.1.32210.238
MinimumVisualStudioVersion = 10.0.40219.1
Project("{9A19103F-16F7-4668-BE54-9A1E7A4F7556}") = "CustomersApi", "CustomersApi\CustomersApi.csproj", "{C6E79B7D-33DD-4A3A-A217-0837B40E8FBB}"
EndProject
Project("{FAE04EC0-301F-11D3-BF4B-00C04F79EFBC}") = "CustomersTest", "CustomersTest\CustomersTest.csproj", "{CC9224DA-434D-4D92-9113-D83D81704D8E}"
EndProject
Global
	GlobalSection(SolutionConfigurationPlatforms) = preSolution
		Debug|Any CPU = Debug|Any CPU
		Release|Any CPU = Release|Any CPU
	EndGlobalSection
	GlobalSection(ProjectConfigurationPlatforms) = postSolution
		{C6E79B7D-33DD-4A3A-A217-0837B40E8FBB}.Debug|Any CPU.ActiveCfg = Debug|Any CPU
		{C6E79B7D-33DD-4A3A-A217-0837B40E8FBB}.Debug|Any CPU.Build.0 = Debug|Any CPU
		{C6E79B7D-33DD-4A3A-A217-0837B40E8FBB}.Release|Any CPU.ActiveCfg = Release|Any CPU
		{C6E79B7D-33DD-4A3A-A217-0837B40E8FBB}.Release|Any CPU.Build.0 = Release|Any CPU
		{CC9224DA-434D-4D92-9113-D83D81704D8E}.Debug|Any CPU.ActiveCfg = Debug|Any CPU
		{CC9224DA-434D-4D92-9113-D83D81704D8E}.Debug|Any CPU.Build.0 = Debug|Any CPU
		{CC9224DA-434D-4D92-9113-D83D81704D8E}.Release|Any CPU.ActiveCfg = Release|Any CPU
		{CC9224DA-434D-4D92-9113-D83D81704D8E}.Release|Any CPU.Build.0 = Release|Any CPU
	EndGlobalSection
	GlobalSection(SolutionProperties) = preSolution
		HideSolutionNode = FALSE
	EndGlobalSection
	GlobalSection(ExtensibilityGlobals) = postSolution
		SolutionGuid = {D758E826-F9ED-4CD5-A1FD-6A203C7820CC}
	EndGlobalSection
EndGlobal
